{
  "version": 4,
  "terraform_version": "1.15.1",
  "serial": 3,
  "lineage": "4b098ed6-9c68-e9d0-3d3c-f5ea1c31bc3e",
  "outputs": {},
  "resources": [
    {
      "module": "module.dev-rg-cin",
      "mode": "managed",
      "type": "azurerm_resource_group",
      "name": "dev-rg",
      "provider": "provider[\"registry.terraform.io/hashicorp/azurerm\"]",
      "instances": [
        {
          "index_key": "rg1",
          "schema_version": 0,
          "attributes": {
            "id": "/subscriptions/1fd18c84-8929-46a9-ace1-8c283b324f4c/resourceGroups/dev-rg-cin",
            "location": "centralindia",
            "managed_by": "",
            "name": "dev-rg-cin",
            "tags": null,
            "timeouts": null
          },
          "sensitive_attributes": [],
          "identity_schema_version": 0,
          "identity": {
            "name": "dev-rg-cin",
            "subscription_id": "1fd18c84-8929-46a9-ace1-8c283b324f4c"
          },
          "private": "eyJlMmJmYjczMC1lY2FhLTExZTYtOGY4OC0zNDM2M2JjN2M0YzAiOnsiY3JlYXRlIjo1NDAwMDAwMDAwMDAwLCJkZWxldGUiOjU0MDAwMDAwMDAwMDAsInJlYWQiOjMwMDAwMDAwMDAwMCwidXBkYXRlIjo1NDAwMDAwMDAwMDAwfX0="
        },
        {
          "index_key": "rg2",
          "schema_version": 0,
          "attributes": {
            "id": "/subscriptions/1fd18c84-8929-46a9-ace1-8c283b324f4c/resourceGroups/dev-rg-eus",
            "location": "eastus",
            "managed_by": "",
            "name": "dev-rg-eus",
            "tags": null,
            "timeouts": null
          },
          "sensitive_attributes": [],
          "identity_schema_version": 0,
          "identity": {
            "name": "dev-rg-eus",
            "subscription_id": "1fd18c84-8929-46a9-ace1-8c283b324f4c"
          },
          "private": "eyJlMmJmYjczMC1lY2FhLTExZTYtOGY4OC0zNDM2M2JjN2M0YzAiOnsiY3JlYXRlIjo1NDAwMDAwMDAwMDAwLCJkZWxldGUiOjU0MDAwMDAwMDAwMDAsInJlYWQiOjMwMDAwMDAwMDAwMCwidXBkYXRlIjo1NDAwMDAwMDAwMDAwfX0="
        }
      ]
    }
  ],
  "check_results": null
}
